{
    "name": "nodejs-bindings",
    "lockfileVersion": 3,
    "requires": true,
    "packages": {
        "": {
            "dependencies": {
                "@glaredb/glaredb": "0.8.1"
            },
            "devDependencies": {
                "@types/node": "20.10.6",
                "prettier": "3.1.1",
                "typescript": "5.3.3"
            }
        },
        "node_modules/@glaredb/glaredb": {
            "version": "0.8.1",
            "resolved": "https://registry.npmjs.org/@glaredb/glaredb/-/glaredb-0.8.1.tgz",
            "integrity": "sha512-DDaIklM8gly6Wetck7RFuRVIFSAR/RkohghMXwOwrH0aSNGE8YK6uVefji2Kfg3f7kest1W/KBcsTmxwi5qFmg==",
            "engines": {
                "node": ">= 18"
            },
            "optionalDependencies": {
                "@glaredb/glaredb-darwin-arm64": "0.8.1",
                "@glaredb/glaredb-darwin-x64": "0.8.1",
                "@glaredb/glaredb-linux-x64-gnu": "0.8.1",
                "@glaredb/glaredb-win32-x64-msvc": "0.8.1"
            }
        },
        "node_modules/@glaredb/glaredb-darwin-arm64": {
            "version": "0.8.1",
            "resolved": "https://registry.npmjs.org/@glaredb/glaredb-darwin-arm64/-/glaredb-darwin-arm64-0.8.1.tgz",
            "integrity": "sha512-H0f770mdGpNhFctk+E72dQikfDZlNMjAHaSIps4ZxLFAqL6tfcGo1aqnMZkiUPDIU0J3ExiPdWR38YlE4H6qQw==",
            "cpu": [
                "arm64"
            ],
            "optional": true,
            "os": [
                "darwin"
            ],
            "engines": {
                "node": ">= 18"
            }
        },
        "node_modules/@glaredb/glaredb-darwin-x64": {
            "version": "0.8.1",
            "resolved": "https://registry.npmjs.org/@glaredb/glaredb-darwin-x64/-/glaredb-darwin-x64-0.8.1.tgz",
            "integrity": "sha512-xcTccUa0PwgFP4uyE8qoqce1+Q7lJ4rY74tZ3PaF6SzYlj9laHmECREVGICM96zwfcMRd9FDImzarFTapAvKKQ==",
            "cpu": [
                "x64"
            ],
            "optional": true,
            "os": [
                "darwin"
            ],
            "engines": {
                "node": ">= 18"
            }
        },
        "node_modules/@glaredb/glaredb-linux-x64-gnu": {
            "version": "0.8.1",
            "resolved": "https://registry.npmjs.org/@glaredb/glaredb-linux-x64-gnu/-/glaredb-linux-x64-gnu-0.8.1.tgz",
            "integrity": "sha512-P0pLJPgMO5Z2TBC5Rt+dr+cX91Ht+1VA2G0kqD6VO5q843jLqyUUfuJrGoSnsXrdBcSoI2wv2JJ2KEPQTxNHVg==",
            "cpu": [
                "x64"
            ],
            "optional": true,
            "os": [
                "linux"
            ],
            "engines": {
                "node": ">= 18"
            }
        },
        "node_modules/@glaredb/glaredb-win32-x64-msvc": {
            "version": "0.8.1",
            "resolved": "https://registry.npmjs.org/@glaredb/glaredb-win32-x64-msvc/-/glaredb-win32-x64-msvc-0.8.1.tgz",
            "integrity": "sha512-xzSlr1QeqeKdPpGEZXDAPmiE3Ks38blOlWInNGT07m2izTSpnBPl/dzv2mhub1HbphUfN8SPfhqV6Z4EErFO2w==",
            "cpu": [
                "x64"
            ],
            "optional": true,
            "os": [
                "win32"
            ],
            "engines": {
                "node": ">= 18"
            }
        },
        "node_modules/@types/node": {
            "version": "20.10.6",
            "resolved": "https://registry.npmjs.org/@types/node/-/node-20.10.6.tgz",
            "integrity": "sha512-Vac8H+NlRNNlAmDfGUP7b5h/KA+AtWIzuXy0E6OyP8f1tCLYAtPvKRRDJjAPqhpCb0t6U2j7/xqAuLEebW2kiw==",
            "dev": true,
            "dependencies": {
                "undici-types": "~5.26.4"
            }
        },
        "node_modules/prettier": {
            "version": "3.1.1",
            "resolved": "https://registry.npmjs.org/prettier/-/prettier-3.1.1.tgz",
            "integrity": "sha512-22UbSzg8luF4UuZtzgiUOfcGM8s4tjBv6dJRT7j275NXsy2jb4aJa4NNveul5x4eqlF1wuhuR2RElK71RvmVaw==",
            "dev": true,
            "bin": {
                "prettier": "bin/prettier.cjs"
            },
            "engines": {
                "node": ">=14"
            },
            "funding": {
                "url": "https://github.com/prettier/prettier?sponsor=1"
            }
        },
        "node_modules/typescript": {
            "version": "5.3.3",
            "resolved": "https://registry.npmjs.org/typescript/-/typescript-5.3.3.tgz",
            "integrity": "sha512-pXWcraxM0uxAS+tN0AG/BF2TyqmHO014Z070UsJ+pFvYuRSq8KH8DmWpnbXe0pEPDHXZV3FcAbJkijJ5oNEnWw==",
            "dev": true,
            "bin": {
                "tsc": "bin/tsc",
                "tsserver": "bin/tsserver"
            },
            "engines": {
                "node": ">=14.17"
            }
        },
        "node_modules/undici-types": {
            "version": "5.26.5",
            "resolved": "https://registry.npmjs.org/undici-types/-/undici-types-5.26.5.tgz",
            "integrity": "sha512-JlCMO+ehdEIKqlFxk6IfVoAUVmgz7cU7zD/h9XZ0qzeosSHmUJVOzSQvvYSYWXkFXC+IfLKSIffhv0sVZup6pA==",
            "dev": true
        }
    }
}
