{
    "name": "nodejs-bindings",
    "lockfileVersion": 3,
    "requires": true,
    "packages": {
        "": {
            "dependencies": {
                "@glaredb/glaredb": "0.7.0"
            },
            "devDependencies": {
                "@types/node": "20.10.6",
                "prettier": "3.1.1",
                "typescript": "5.3.3"
            }
        },
        "node_modules/@glaredb/glaredb": {
            "version": "0.7.0",
            "resolved": "https://registry.npmjs.org/@glaredb/glaredb/-/glaredb-0.7.0.tgz",
            "integrity": "sha512-TkK2Hk1CgZANvYI2mnj/TiGLPHoCAowGBXAOlQr6Y2l5TZRz4mR7GfDCcB270AUhLldTGI6tmhWoJaeEPtz2dQ==",
            "engines": {
                "node": ">= 18"
            },
            "optionalDependencies": {
                "@glaredb/glaredb-darwin-arm64": "0.7.0",
                "@glaredb/glaredb-darwin-x64": "0.7.0",
                "@glaredb/glaredb-linux-x64-gnu": "0.7.0",
                "@glaredb/glaredb-win32-x64-msvc": "0.7.0"
            }
        },
        "node_modules/@glaredb/glaredb-darwin-arm64": {
            "version": "0.7.0",
            "resolved": "https://registry.npmjs.org/@glaredb/glaredb-darwin-arm64/-/glaredb-darwin-arm64-0.7.0.tgz",
            "integrity": "sha512-Rb8nc/VwnSlUmbazWzqBwJNS+WmYtDVMAfh0NDdzCrI1tJ1V0S8hR8PCjvjiw0TVX3Ef3dih9CHxRAMMpKpMXA==",
            "cpu": [
                "arm64"
            ],
            "optional": true,
            "os": [
                "darwin"
            ],
            "engines": {
                "node": ">= 18"
            }
        },
        "node_modules/@glaredb/glaredb-darwin-x64": {
            "version": "0.7.0",
            "resolved": "https://registry.npmjs.org/@glaredb/glaredb-darwin-x64/-/glaredb-darwin-x64-0.7.0.tgz",
            "integrity": "sha512-TruOHDlJkBcZSnlz7NghPuVxFmeRCXlGUW7W17duLrkb5cM5tktZxSSMMxhZ1jW0ZVCPbieTNaipqDToZHJjmQ==",
            "cpu": [
                "x64"
            ],
            "optional": true,
            "os": [
                "darwin"
            ],
            "engines": {
                "node": ">= 18"
            }
        },
        "node_modules/@glaredb/glaredb-linux-x64-gnu": {
            "version": "0.7.0",
            "resolved": "https://registry.npmjs.org/@glaredb/glaredb-linux-x64-gnu/-/glaredb-linux-x64-gnu-0.7.0.tgz",
            "integrity": "sha512-q9vDrYycDQZtmzLSR88DEBVZTy+mp/Sb6ck72+pRhxVapM88palUbHgL+37TmMLjSVyG/hTrGhIDsGU2Pp/Y2Q==",
            "cpu": [
                "x64"
            ],
            "optional": true,
            "os": [
                "linux"
            ],
            "engines": {
                "node": ">= 18"
            }
        },
        "node_modules/@glaredb/glaredb-win32-x64-msvc": {
            "version": "0.7.0",
            "resolved": "https://registry.npmjs.org/@glaredb/glaredb-win32-x64-msvc/-/glaredb-win32-x64-msvc-0.7.0.tgz",
            "integrity": "sha512-YrVhaPmXxNcGMdXx59SJ+plsOpa41UH4tINFjxrhGTH+eFXNhzv0q0UeJvzRZJAQ9CLKaCas6W5pDsfqRFk/ww==",
            "cpu": [
                "x64"
            ],
            "optional": true,
            "os": [
                "win32"
            ],
            "engines": {
                "node": ">= 18"
            }
        },
        "node_modules/@types/node": {
            "version": "20.10.6",
            "resolved": "https://registry.npmjs.org/@types/node/-/node-20.10.6.tgz",
            "integrity": "sha512-Vac8H+NlRNNlAmDfGUP7b5h/KA+AtWIzuXy0E6OyP8f1tCLYAtPvKRRDJjAPqhpCb0t6U2j7/xqAuLEebW2kiw==",
            "dev": true,
            "dependencies": {
                "undici-types": "~5.26.4"
            }
        },
        "node_modules/prettier": {
            "version": "3.1.1",
            "resolved": "https://registry.npmjs.org/prettier/-/prettier-3.1.1.tgz",
            "integrity": "sha512-22UbSzg8luF4UuZtzgiUOfcGM8s4tjBv6dJRT7j275NXsy2jb4aJa4NNveul5x4eqlF1wuhuR2RElK71RvmVaw==",
            "dev": true,
            "bin": {
                "prettier": "bin/prettier.cjs"
            },
            "engines": {
                "node": ">=14"
            },
            "funding": {
                "url": "https://github.com/prettier/prettier?sponsor=1"
            }
        },
        "node_modules/typescript": {
            "version": "5.3.3",
            "resolved": "https://registry.npmjs.org/typescript/-/typescript-5.3.3.tgz",
            "integrity": "sha512-pXWcraxM0uxAS+tN0AG/BF2TyqmHO014Z070UsJ+pFvYuRSq8KH8DmWpnbXe0pEPDHXZV3FcAbJkijJ5oNEnWw==",
            "dev": true,
            "bin": {
                "tsc": "bin/tsc",
                "tsserver": "bin/tsserver"
            },
            "engines": {
                "node": ">=14.17"
            }
        },
        "node_modules/undici-types": {
            "version": "5.26.5",
            "resolved": "https://registry.npmjs.org/undici-types/-/undici-types-5.26.5.tgz",
            "integrity": "sha512-JlCMO+ehdEIKqlFxk6IfVoAUVmgz7cU7zD/h9XZ0qzeosSHmUJVOzSQvvYSYWXkFXC+IfLKSIffhv0sVZup6pA==",
            "dev": true
        }
    }
}
